
Microsoft Visual Studio Solution File, Format Version 12.00
# Visual Studio Version 17
VisualStudioVersion = 17.10.35004.147
MinimumVisualStudioVersion = 10.0.40219.1
Project("{FAE04EC0-301F-11D3-BF4B-00C04F79EFBC}") = "TernaryPractice", "TernaryPractice\TernaryPractice.csproj", "{FA73123D-4815-483E-ACA9-517F1D6DEAD4}"
EndProject
Global
	GlobalSection(SolutionConfigurationPlatforms) = preSolution
		Debug|Any CPU = Debug|Any CPU
		Release|Any CPU = Release|Any CPU
	EndGlobalSection
	GlobalSection(ProjectConfigurationPlatforms) = postSolution
		{FA73123D-4815-483E-ACA9-517F1D6DEAD4}.Debug|Any CPU.ActiveCfg = Debug|Any CPU
		{FA73123D-4815-483E-ACA9-517F1D6DEAD4}.Debug|Any CPU.Build.0 = Debug|Any CPU
		{FA73123D-4815-483E-ACA9-517F1D6DEAD4}.Release|Any CPU.ActiveCfg = Release|Any CPU
		{FA73123D-4815-483E-ACA9-517F1D6DEAD4}.Release|Any CPU.Build.0 = Release|Any CPU
	EndGlobalSection
	GlobalSection(SolutionProperties) = preSolution
		HideSolutionNode = FALSE
	EndGlobalSection
	GlobalSection(ExtensibilityGlobals) = postSolution
		SolutionGuid = {D8B17EB0-CF6D-4F04-9C2A-1064D49E5FA1}
	EndGlobalSection
EndGlobal
